
Microsoft Visual Studio Solution File, Format Version 12.00
# Visual Studio Version 17
VisualStudioVersion = 17.13.35818.85
MinimumVisualStudioVersion = 10.0.40219.1
Project("{FAE04EC0-301F-11D3-BF4B-00C04F79EFBC}") = "Tracer.Example", "Tracer.Example.csproj", "{A6F8B629-F9B5-410F-8A37-3B5A251896B3}"
EndProject
Project("{FAE04EC0-301F-11D3-BF4B-00C04F79EFBC}") = "Tracer.Core", "..\Tracer.Core\Tracer.Core.csproj", "{9EC91E63-EC26-4F99-93FB-43EABCC174C5}"
EndProject
Project("{FAE04EC0-301F-11D3-BF4B-00C04F79EFBC}") = "Tracer.Serialization.Abstractions", "..\Tracer.Serialization.Abstractions\Tracer.Serialization.Abstractions.csproj", "{AFE1EE01-007B-46D7-B466-5974E987E32C}"
EndProject
Project("{FAE04EC0-301F-11D3-BF4B-00C04F79EFBC}") = "Tracer.Serialization", "..\Tracer.Serialization\Tracer.Serialization.csproj", "{462F786E-6026-45F5-B67B-8B0BB7BE1FB9}"
EndProject
Project("{FAE04EC0-301F-11D3-BF4B-00C04F79EFBC}") = "Tracer.Core.Tests", "..\Tracer.Core.Tests\Tracer.Core.Tests.csproj", "{96FB510E-86E4-4FEC-B719-86CF58BDB48A}"
EndProject
Global
	GlobalSection(SolutionConfigurationPlatforms) = preSolution
		Debug|Any CPU = Debug|Any CPU
		Release|Any CPU = Release|Any CPU
	EndGlobalSection
	GlobalSection(ProjectConfigurationPlatforms) = postSolution
		{A6F8B629-F9B5-410F-8A37-3B5A251896B3}.Debug|Any CPU.ActiveCfg = Debug|Any CPU
		{A6F8B629-F9B5-410F-8A37-3B5A251896B3}.Debug|Any CPU.Build.0 = Debug|Any CPU
		{A6F8B629-F9B5-410F-8A37-3B5A251896B3}.Release|Any CPU.ActiveCfg = Release|Any CPU
		{A6F8B629-F9B5-410F-8A37-3B5A251896B3}.Release|Any CPU.Build.0 = Release|Any CPU
		{9EC91E63-EC26-4F99-93FB-43EABCC174C5}.Debug|Any CPU.ActiveCfg = Debug|Any CPU
		{9EC91E63-EC26-4F99-93FB-43EABCC174C5}.Debug|Any CPU.Build.0 = Debug|Any CPU
		{9EC91E63-EC26-4F99-93FB-43EABCC174C5}.Release|Any CPU.ActiveCfg = Release|Any CPU
		{9EC91E63-EC26-4F99-93FB-43EABCC174C5}.Release|Any CPU.Build.0 = Release|Any CPU
		{AFE1EE01-007B-46D7-B466-5974E987E32C}.Debug|Any CPU.ActiveCfg = Debug|Any CPU
		{AFE1EE01-007B-46D7-B466-5974E987E32C}.Debug|Any CPU.Build.0 = Debug|Any CPU
		{AFE1EE01-007B-46D7-B466-5974E987E32C}.Release|Any CPU.ActiveCfg = Release|Any CPU
		{AFE1EE01-007B-46D7-B466-5974E987E32C}.Release|Any CPU.Build.0 = Release|Any CPU
		{462F786E-6026-45F5-B67B-8B0BB7BE1FB9}.Debug|Any CPU.ActiveCfg = Debug|Any CPU
		{462F786E-6026-45F5-B67B-8B0BB7BE1FB9}.Debug|Any CPU.Build.0 = Debug|Any CPU
		{462F786E-6026-45F5-B67B-8B0BB7BE1FB9}.Release|Any CPU.ActiveCfg = Release|Any CPU
		{462F786E-6026-45F5-B67B-8B0BB7BE1FB9}.Release|Any CPU.Build.0 = Release|Any CPU
		{96FB510E-86E4-4FEC-B719-86CF58BDB48A}.Debug|Any CPU.ActiveCfg = Debug|Any CPU
		{96FB510E-86E4-4FEC-B719-86CF58BDB48A}.Debug|Any CPU.Build.0 = Debug|Any CPU
		{96FB510E-86E4-4FEC-B719-86CF58BDB48A}.Release|Any CPU.ActiveCfg = Release|Any CPU
		{96FB510E-86E4-4FEC-B719-86CF58BDB48A}.Release|Any CPU.Build.0 = Release|Any CPU
	EndGlobalSection
	GlobalSection(SolutionProperties) = preSolution
		HideSolutionNode = FALSE
	EndGlobalSection
	GlobalSection(ExtensibilityGlobals) = postSolution
		SolutionGuid = {64D9167B-2A04-498A-A959-D8C76CB502DA}
	EndGlobalSection
EndGlobal
